
Microsoft Visual Studio Solution File, Format Version 12.00
# Visual Studio Version 16
VisualStudioVersion = 16.0.31205.134
MinimumVisualStudioVersion = 10.0.40219.1
Project("{FAE04EC0-301F-11D3-BF4B-00C04F79EFBC}") = "Hard.App", "src\Hard.App\Hard.App.csproj", "{76747F41-3E64-4268-847A-CFECFE9DB165}"
EndProject
Project("{FAE04EC0-301F-11D3-BF4B-00C04F79EFBC}") = "Hard.Business", "src\Hard.Business\Hard.Business.csproj", "{14814486-9E24-49C0-B513-DB40575CC894}"
EndProject
Project("{FAE04EC0-301F-11D3-BF4B-00C04F79EFBC}") = "Hard.Data", "src\Hard.Data\Hard.Data.csproj", "{B09AAD9F-809C-4C44-AAB4-CC2147305858}"
EndProject
Global
	GlobalSection(SolutionConfigurationPlatforms) = preSolution
		Debug|Any CPU = Debug|Any CPU
		Release|Any CPU = Release|Any CPU
	EndGlobalSection
	GlobalSection(ProjectConfigurationPlatforms) = postSolution
		{76747F41-3E64-4268-847A-CFECFE9DB165}.Debug|Any CPU.ActiveCfg = Debug|Any CPU
		{76747F41-3E64-4268-847A-CFECFE9DB165}.Debug|Any CPU.Build.0 = Debug|Any CPU
		{76747F41-3E64-4268-847A-CFECFE9DB165}.Release|Any CPU.ActiveCfg = Release|Any CPU
		{76747F41-3E64-4268-847A-CFECFE9DB165}.Release|Any CPU.Build.0 = Release|Any CPU
		{14814486-9E24-49C0-B513-DB40575CC894}.Debug|Any CPU.ActiveCfg = Debug|Any CPU
		{14814486-9E24-49C0-B513-DB40575CC894}.Debug|Any CPU.Build.0 = Debug|Any CPU
		{14814486-9E24-49C0-B513-DB40575CC894}.Release|Any CPU.ActiveCfg = Release|Any CPU
		{14814486-9E24-49C0-B513-DB40575CC894}.Release|Any CPU.Build.0 = Release|Any CPU
		{B09AAD9F-809C-4C44-AAB4-CC2147305858}.Debug|Any CPU.ActiveCfg = Debug|Any CPU
		{B09AAD9F-809C-4C44-AAB4-CC2147305858}.Debug|Any CPU.Build.0 = Debug|Any CPU
		{B09AAD9F-809C-4C44-AAB4-CC2147305858}.Release|Any CPU.ActiveCfg = Release|Any CPU
		{B09AAD9F-809C-4C44-AAB4-CC2147305858}.Release|Any CPU.Build.0 = Release|Any CPU
	EndGlobalSection
	GlobalSection(SolutionProperties) = preSolution
		HideSolutionNode = FALSE
	EndGlobalSection
	GlobalSection(ExtensibilityGlobals) = postSolution
		SolutionGuid = {0A21B09A-126A-4FB1-ACFC-711F73C6263E}
	EndGlobalSection
EndGlobal
